
Microsoft Visual Studio Solution File, Format Version 12.00
# Visual Studio Version 17
VisualStudioVersion = 17.14.36518.9 d17.14
MinimumVisualStudioVersion = 10.0.40219.1
Project("{FAE04EC0-301F-11D3-BF4B-00C04F79EFBC}") = "FitnessTracker", "FitnessTracker\FitnessTracker.csproj", "{241EF89C-944D-45CC-95A8-AE59C11C35F5}"
EndProject
Global
	GlobalSection(SolutionConfigurationPlatforms) = preSolution
		Debug|Any CPU = Debug|Any CPU
		Release|Any CPU = Release|Any CPU
	EndGlobalSection
	GlobalSection(ProjectConfigurationPlatforms) = postSolution
		{241EF89C-944D-45CC-95A8-AE59C11C35F5}.Debug|Any CPU.ActiveCfg = Debug|Any CPU
		{241EF89C-944D-45CC-95A8-AE59C11C35F5}.Debug|Any CPU.Build.0 = Debug|Any CPU
		{241EF89C-944D-45CC-95A8-AE59C11C35F5}.Release|Any CPU.ActiveCfg = Release|Any CPU
		{241EF89C-944D-45CC-95A8-AE59C11C35F5}.Release|Any CPU.Build.0 = Release|Any CPU
	EndGlobalSection
	GlobalSection(SolutionProperties) = preSolution
		HideSolutionNode = FALSE
	EndGlobalSection
	GlobalSection(ExtensibilityGlobals) = postSolution
		SolutionGuid = {7009CC21-41C8-4886-A027-866C62875BF1}
	EndGlobalSection
EndGlobal
