Microsoft Visual Studio Solution File, Format Version 12.00
# Visual Studio Version 17
VisualStudioVersion = 17.5.2.0
MinimumVisualStudioVersion = 10.0.40219.1
Project("{FAE04EC0-301F-11D3-BF4B-00C04F79EFBC}") = "Product_catalog", "Product_catalog\Product_catalog.csproj", "{0BDECB72-FD85-96D5-7E60-BF971FFB5C36}"
EndProject
Global
	GlobalSection(SolutionConfigurationPlatforms) = preSolution
		Debug|Any CPU = Debug|Any CPU
		Release|Any CPU = Release|Any CPU
	EndGlobalSection
	GlobalSection(ProjectConfigurationPlatforms) = postSolution
		{0BDECB72-FD85-96D5-7E60-BF971FFB5C36}.Debug|Any CPU.ActiveCfg = Debug|Any CPU
		{0BDECB72-FD85-96D5-7E60-BF971FFB5C36}.Debug|Any CPU.Build.0 = Debug|Any CPU
		{0BDECB72-FD85-96D5-7E60-BF971FFB5C36}.Release|Any CPU.ActiveCfg = Release|Any CPU
		{0BDECB72-FD85-96D5-7E60-BF971FFB5C36}.Release|Any CPU.Build.0 = Release|Any CPU
	EndGlobalSection
	GlobalSection(SolutionProperties) = preSolution
		HideSolutionNode = FALSE
	EndGlobalSection
	GlobalSection(ExtensibilityGlobals) = postSolution
		SolutionGuid = {DCD37AAF-CC25-45DD-A86C-F166B2CE5E42}
	EndGlobalSection
EndGlobal
