Microsoft Visual Studio Solution File, Format Version 12.00
# Visual Studio Version 17
VisualStudioVersion = 17.5.2.0
MinimumVisualStudioVersion = 10.0.40219.1
Project("{FAE04EC0-301F-11D3-BF4B-00C04F79EFBC}") = "Book_By_its_Cover", "Book_By_its_Cover\Book_By_its_Cover.csproj", "{B852D5D5-B7E5-6E05-42C8-EF49067E9F04}"
EndProject
Global
	GlobalSection(SolutionConfigurationPlatforms) = preSolution
		Debug|Any CPU = Debug|Any CPU
		Release|Any CPU = Release|Any CPU
	EndGlobalSection
	GlobalSection(ProjectConfigurationPlatforms) = postSolution
		{B852D5D5-B7E5-6E05-42C8-EF49067E9F04}.Debug|Any CPU.ActiveCfg = Debug|Any CPU
		{B852D5D5-B7E5-6E05-42C8-EF49067E9F04}.Debug|Any CPU.Build.0 = Debug|Any CPU
		{B852D5D5-B7E5-6E05-42C8-EF49067E9F04}.Release|Any CPU.ActiveCfg = Release|Any CPU
		{B852D5D5-B7E5-6E05-42C8-EF49067E9F04}.Release|Any CPU.Build.0 = Release|Any CPU
	EndGlobalSection
	GlobalSection(SolutionProperties) = preSolution
		HideSolutionNode = FALSE
	EndGlobalSection
	GlobalSection(ExtensibilityGlobals) = postSolution
		SolutionGuid = {FEE43E7F-8FF1-4164-BC77-E2D27C5F7DD1}
	EndGlobalSection
EndGlobal
