Microsoft Visual Studio Solution File, Format Version 12.00
# Visual Studio Version 17
VisualStudioVersion = 17.5.2.0
MinimumVisualStudioVersion = 10.0.40219.1
Project("{FAE04EC0-301F-11D3-BF4B-00C04F79EFBC}") = "Tekrar_2", "Tekrar_2.csproj", "{655C334A-AEAF-F827-C994-93C602CA7CD9}"
EndProject
Global
	GlobalSection(SolutionConfigurationPlatforms) = preSolution
		Debug|Any CPU = Debug|Any CPU
		Release|Any CPU = Release|Any CPU
	EndGlobalSection
	GlobalSection(ProjectConfigurationPlatforms) = postSolution
		{655C334A-AEAF-F827-C994-93C602CA7CD9}.Debug|Any CPU.ActiveCfg = Debug|Any CPU
		{655C334A-AEAF-F827-C994-93C602CA7CD9}.Debug|Any CPU.Build.0 = Debug|Any CPU
		{655C334A-AEAF-F827-C994-93C602CA7CD9}.Release|Any CPU.ActiveCfg = Release|Any CPU
		{655C334A-AEAF-F827-C994-93C602CA7CD9}.Release|Any CPU.Build.0 = Release|Any CPU
	EndGlobalSection
	GlobalSection(SolutionProperties) = preSolution
		HideSolutionNode = FALSE
	EndGlobalSection
	GlobalSection(ExtensibilityGlobals) = postSolution
		SolutionGuid = {886DB477-9AC0-4B22-A2CE-0F042DF53563}
	EndGlobalSection
EndGlobal
